
Microsoft Visual Studio Solution File, Format Version 12.00
# Visual Studio Version 17
VisualStudioVersion = 17.13.35931.197 d17.13
MinimumVisualStudioVersion = 10.0.40219.1
Project("{FAE04EC0-301F-11D3-BF4B-00C04F79EFBC}") = "WebApplication1", "WebApplication1\WebApplication1.csproj", "{9F00CD8B-DFE5-4236-BBCE-513EE908CF42}"
EndProject
Global
	GlobalSection(SolutionConfigurationPlatforms) = preSolution
		Debug|Any CPU = Debug|Any CPU
		Release|Any CPU = Release|Any CPU
	EndGlobalSection
	GlobalSection(ProjectConfigurationPlatforms) = postSolution
		{9F00CD8B-DFE5-4236-BBCE-513EE908CF42}.Debug|Any CPU.ActiveCfg = Debug|Any CPU
		{9F00CD8B-DFE5-4236-BBCE-513EE908CF42}.Debug|Any CPU.Build.0 = Debug|Any CPU
		{9F00CD8B-DFE5-4236-BBCE-513EE908CF42}.Release|Any CPU.ActiveCfg = Release|Any CPU
		{9F00CD8B-DFE5-4236-BBCE-513EE908CF42}.Release|Any CPU.Build.0 = Release|Any CPU
	EndGlobalSection
	GlobalSection(SolutionProperties) = preSolution
		HideSolutionNode = FALSE
	EndGlobalSection
	GlobalSection(ExtensibilityGlobals) = postSolution
		SolutionGuid = {C91C985F-D4C1-40A4-A54F-DD837C20F250}
	EndGlobalSection
EndGlobal
