
Microsoft Visual Studio Solution File, Format Version 12.00
# Visual Studio Version 17
VisualStudioVersion = 17.13.35931.197 d17.13
MinimumVisualStudioVersion = 10.0.40219.1
Project("{FAE04EC0-301F-11D3-BF4B-00C04F79EFBC}") = "appFroms", "appFroms\appFroms.csproj", "{77D61331-5FC3-4F93-BFA3-3FC38DD0C3F3}"
EndProject
Global
	GlobalSection(SolutionConfigurationPlatforms) = preSolution
		Debug|Any CPU = Debug|Any CPU
		Release|Any CPU = Release|Any CPU
	EndGlobalSection
	GlobalSection(ProjectConfigurationPlatforms) = postSolution
		{77D61331-5FC3-4F93-BFA3-3FC38DD0C3F3}.Debug|Any CPU.ActiveCfg = Debug|Any CPU
		{77D61331-5FC3-4F93-BFA3-3FC38DD0C3F3}.Debug|Any CPU.Build.0 = Debug|Any CPU
		{77D61331-5FC3-4F93-BFA3-3FC38DD0C3F3}.Release|Any CPU.ActiveCfg = Release|Any CPU
		{77D61331-5FC3-4F93-BFA3-3FC38DD0C3F3}.Release|Any CPU.Build.0 = Release|Any CPU
	EndGlobalSection
	GlobalSection(SolutionProperties) = preSolution
		HideSolutionNode = FALSE
	EndGlobalSection
	GlobalSection(ExtensibilityGlobals) = postSolution
		SolutionGuid = {F0C833EA-56B7-4596-BA60-576B5A05E6D2}
	EndGlobalSection
EndGlobal
